// !$*UTF8*$!
{
	archiveVersion = 1;
	classes = {
	};
	objectVersion = 48;
	objects = {

/* Begin PBXBuildFile section */
		2D5A7B09201B5C410089EFC3 /* AppDelegate.swift in Sources */ = {isa = PBXBuildFile; fileRef = 2D5A7B08201B5C410089EFC3 /* AppDelegate.swift */; };
		2D5A7B0B201B5C410089EFC3 /* ViewController.swift in Sources */ = {isa = PBXBuildFile; fileRef = 2D5A7B0A201B5C410089EFC3 /* ViewController.swift */; };
		2D5A7B0E201B5C410089EFC3 /* Main.storyboard in Resources */ = {isa = PBXBuildFile; fileRef = 2D5A7B0C201B5C410089EFC3 /* Main.storyboard */; };
		2D5A7B10201B5C410089EFC3 /* Assets.xcassets in Resources */ = {isa = PBXBuildFile; fileRef = 2D5A7B0F201B5C410089EFC3 /* Assets.xcassets */; };
		2D5A7B13201B5C410089EFC3 /* LaunchScreen.storyboard in Resources */ = {isa = PBXBuildFile; fileRef = 2D5A7B11201B5C410089EFC3 /* LaunchScreen.storyboard */; };
/* End PBXBuildFile section */

/* Begin PBXFileReference section */
		2D5A7B05201B5C410089EFC3 /* Date Counter.app */ = {isa = PBXFileReference; explicitFileType = wrapper.application; includeInIndex = 0; path = "Date Counter.app"; sourceTree = BUILT_PRODUCTS_DIR; };
		2D5A7B08201B5C410089EFC3 /* AppDelegate.swift */ = {isa = PBXFileReference; lastKnownFileType = sourcecode.swift; path = AppDelegate.swift; sourceTree = "<group>"; };
		2D5A7B0A201B5C410089EFC3 /* ViewController.swift */ = {isa = PBXFileReference; lastKnownFileType = sourcecode.swift; path = ViewController.swift; sourceTree = "<group>"; };
		2D5A7B0D201B5C410089EFC3 /* Base */ = {isa = PBXFileReference; lastKnownFileType = file.storyboard; name = Base; path = Base.lproj/Main.storyboard; sourceTree = "<group>"; };
		2D5A7B0F201B5C410089EFC3 /* Assets.xcassets */ = {isa = PBXFileReference; lastKnownFileType = folder.assetcatalog; path = Assets.xcassets; sourceTree = "<group>"; };
		2D5A7B12201B5C410089EFC3 /* Base */ = {isa = PBXFileReference; lastKnownFileType = file.storyboard; name = Base; path = Base.lproj/LaunchScreen.storyboard; sourceTree = "<group>"; };
		2D5A7B14201B5C410089EFC3 /* Info.plist */ = {isa = PBXFileReference; lastKnownFileType = text.plist.xml; path = Info.plist; sourceTree = "<group>"; };
/* End PBXFileReference section */

/* Begin PBXFrameworksBuildPhase section */
		2D5A7B02201B5C410089EFC3 /* Frameworks */ = {
			isa = PBXFrameworksBuildPhase;
			buildActionMask = 2147483647;
			files = (
			);
			runOnlyForDeploymentPostprocessing = 0;
		};
/* End PBXFrameworksBuildPhase section */

/* Begin PBXGroup section */
		2D59B9F5203EC1D200C2FE2C /* Controller */ = {
			isa = PBXGroup;
			children = (
				2D5A7B0A201B5C410089EFC3 /* ViewController.swift */,
			);
			path = Controller;
			sourceTree = "<group>";
		};
		2D59B9F6203EC1F400C2FE2C /* View */ = {
			isa = PBXGroup;
			children = (
				2D5A7B11201B5C410089EFC3 /* LaunchScreen.storyboard */,
				2D5A7B0C201B5C410089EFC3 /* Main.storyboard */,
			);
			path = View;
			sourceTree = "<group>";
		};
		2D59B9F7203EC21700C2FE2C /* Supporting Files */ = {
			isa = PBXGroup;
			children = (
				2D5A7B0F201B5C410089EFC3 /* Assets.xcassets */,
				2D5A7B14201B5C410089EFC3 /* Info.plist */,
			);
			path = "Supporting Files";
			sourceTree = "<group>";
		};
		2D59B9F8203EC23000C2FE2C /* Model */ = {
			isa = PBXGroup;
			children = (
			);
			path = Model;
			sourceTree = "<group>";
		};
		2D5A7AFC201B5C410089EFC3 = {
			isa = PBXGroup;
			children = (
				2D5A7B07201B5C410089EFC3 /* Date Counter */,
				2D5A7B06201B5C410089EFC3 /* Products */,
			);
			sourceTree = "<group>";
		};
		2D5A7B06201B5C410089EFC3 /* Products */ = {
			isa = PBXGroup;
			children = (
				2D5A7B05201B5C410089EFC3 /* Date Counter.app */,
			);
			name = Products;
			sourceTree = "<group>";
		};
		2D5A7B07201B5C410089EFC3 /* Date Counter */ = {
			isa = PBXGroup;
			children = (
				2D5A7B08201B5C410089EFC3 /* AppDelegate.swift */,
				2D59B9F8203EC23000C2FE2C /* Model */,
				2D59B9F5203EC1D200C2FE2C /* Controller */,
				2D59B9F6203EC1F400C2FE2C /* View */,
				2D59B9F7203EC21700C2FE2C /* Supporting Files */,
			);
			path = "Date Counter";
			sourceTree = "<group>";
		};
/* End PBXGroup section */

/* Begin PBXNativeTarget section */
		2D5A7B04201B5C410089EFC3 /* Date Counter */ = {
			isa = PBXNativeTarget;
			buildConfigurationList = 2D5A7B17201B5C410089EFC3 /* Build configuration list for PBXNativeTarget "Date Counter" */;
			buildPhases = (
				2D5A7B01201B5C410089EFC3 /* Sources */,
				2D5A7B02201B5C410089EFC3 /* Frameworks */,
				2D5A7B03201B5C410089EFC3 /* Resources */,
			);
			buildRules = (
			);
			dependencies = (
			);
			name = "Date Counter";
			productName = "Date Counter";
			productReference = 2D5A7B05201B5C410089EFC3 /* Date Counter.app */;
			productType = "com.apple.product-type.application";
		};
/* End PBXNativeTarget section */

/* Begin PBXProject section */
		2D5A7AFD201B5C410089EFC3 /* Project object */ = {
			isa = PBXProject;
			attributes = {
				LastSwiftUpdateCheck = 0920;
				LastUpgradeCheck = 0920;
				ORGANIZATIONNAME = "Oz Arie Tal Shachar";
				TargetAttributes = {
					2D5A7B04201B5C410089EFC3 = {
						CreatedOnToolsVersion = 9.2;
						ProvisioningStyle = Automatic;
					};
				};
			};
			buildConfigurationList = 2D5A7B00201B5C410089EFC3 /* Build configuration list for PBXProject "Date Counter" */;
			compatibilityVersion = "Xcode 8.0";
			developmentRegion = en;
			hasScannedForEncodings = 0;
			knownRegions = (
				en,
				Base,
			);
			mainGroup = 2D5A7AFC201B5C410089EFC3;
			productRefGroup = 2D5A7B06201B5C410089EFC3 /* Products */;
			projectDirPath = "";
			projectRoot = "";
			targets = (
				2D5A7B04201B5C410089EFC3 /* Date Counter */,
			);
		};
/* End PBXProject section */

/* Begin PBXResourcesBuildPhase section */
		2D5A7B03201B5C410089EFC3 /* Resources */ = {
			isa = PBXResourcesBuildPhase;
			buildActionMask = 2147483647;
			files = (
				2D5A7B13201B5C410089EFC3 /* LaunchScreen.storyboard in Resources */,
				2D5A7B10201B5C410089EFC3 /* Assets.xcassets in Resources */,
				2D5A7B0E201B5C410089EFC3 /* Main.storyboard in Resources */,
			);
			runOnlyForDeploymentPostprocessing = 0;
		};
/* End PBXResourcesBuildPhase section */

/* Begin PBXSourcesBuildPhase section */
		2D5A7B01201B5C410089EFC3 /* Sources */ = {
			isa = PBXSourcesBuildPhase;
			buildActionMask = 2147483647;
			files = (
				2D5A7B0B201B5C410089EFC3 /* ViewController.swift in Sources */,
				2D5A7B09201B5C410089EFC3 /* AppDelegate.swift in Sources */,
			);
			runOnlyForDeploymentPostprocessing = 0;
		};
/* End PBXSourcesBuildPhase section */

/* Begin PBXVariantGroup section */
		2D5A7B0C201B5C410089EFC3 /* Main.storyboard */ = {
			isa = PBXVariantGroup;
			children = (
				2D5A7B0D201B5C410089EFC3 /* Base */,
			);
			name = Main.storyboard;
			sourceTree = "<group>";
		};
		2D5A7B11201B5C410089EFC3 /* LaunchScreen.storyboard */ = {
			isa = PBXVariantGroup;
			children = (
				2D5A7B12201B5C410089EFC3 /* Base */,
			);
			name = LaunchScreen.storyboard;
			sourceTree = "<group>";
		};
/* End PBXVariantGroup section */

/* Begin XCBuildConfiguration section */
		2D5A7B15201B5C410089EFC3 /* Debug */ = {
			isa = XCBuildConfiguration;
			buildSettings = {
				ALWAYS_SEARCH_USER_PATHS = NO;
				CLANG_ANALYZER_NONNULL = YES;
				CLANG_ANALYZER_NUMBER_OBJECT_CONVERSION = YES_AGGRESSIVE;
				CLANG_CXX_LANGUAGE_STANDARD = "gnu++14";
				CLANG_CXX_LIBRARY = "libc++";
				CLANG_ENABLE_MODULES = YES;
				CLANG_ENABLE_OBJC_ARC = YES;
				CLANG_WARN_BLOCK_CAPTURE_AUTORELEASING = YES;
				CLANG_WARN_BOOL_CONVERSION = YES;
				CLANG_WARN_COMMA = YES;
				CLANG_WARN_CONSTANT_CONVERSION = YES;
				CLANG_WARN_DIRECT_OBJC_ISA_USAGE = YES_ERROR;
				CLANG_WARN_DOCUMENTATION_COMMENTS = YES;
				CLANG_WARN_EMPTY_BODY = YES;
				CLANG_WARN_ENUM_CONVERSION = YES;
				CLANG_WARN_INFINITE_RECURSION = YES;
				CLANG_WARN_INT_CONVERSION = YES;
				CLANG_WARN_NON_LITERAL_NULL_CONVERSION = YES;
				CLANG_WARN_OBJC_LITERAL_CONVERSION = YES;
				CLANG_WARN_OBJC_ROOT_CLASS = YES_ERROR;
				CLANG_WARN_RANGE_LOOP_ANALYSIS = YES;
				CLANG_WARN_STRICT_PROTOTYPES = YES;
				CLANG_WARN_SUSPICIOUS_MOVE = YES;
				CLANG_WARN_UNGUARDED_AVAILABILITY = YES_AGGRESSIVE;
				CLANG_WARN_UNREACHABLE_CODE = YES;
				CLANG_WARN__DUPLICATE_METHOD_MATCH = YES;
				CODE_SIGN_IDENTITY = "iPhone Developer";
				COPY_PHASE_STRIP = NO;
				DEBUG_INFORMATION_FORMAT = dwarf;
				ENABLE_STRICT_OBJC_MSGSEND = YES;
				ENABLE_TESTABILITY = YES;
				GCC_C_LANGUAGE_STANDARD = gnu11;
				GCC_DYNAMIC_NO_PIC = NO;
				GCC_NO_COMMON_BLOCKS = YES;
				GCC_OPTIMIZATION_LEVEL = 0;
				GCC_PREPROCESSOR_DEFINITIONS = (
					"DEBUG=1",
					"$(inherited)",
				);
				GCC_WARN_64_TO_32_BIT_CONVERSION = YES;
				GCC_WARN_ABOUT_RETURN_TYPE = YES_ERROR;
				GCC_WARN_UNDECLARED_SELECTOR = YES;
				GCC_WARN_UNINITIALIZED_AUTOS = YES_AGGRESSIVE;
				GCC_WARN_UNUSED_FUNCTION = YES;
				GCC_WARN_UNUSED_VARIABLE = YES;
				IPHONEOS_DEPLOYMENT_TARGET = 11.2;
				MTL_ENABLE_DEBUG_INFO = YES;
				ONLY_ACTIVE_ARCH = YES;
				SDKROOT = iphoneos;
				SWIFT_ACTIVE_COMPILATION_CONDITIONS = DEBUG;
				SWIFT_OPTIMIZATION_LEVEL = "-Onone";
			};
			name = Debug;
		};
		2D5A7B16201B5C410089EFC3 /* Release */ = {
			isa = XCBuildConfiguration;
			buildSettings = {
				ALWAYS_SEARCH_USER_PATHS = NO;
				CLANG_ANALYZER_NONNULL = YES;
				CLANG_ANALYZER_NUMBER_OBJECT_CONVERSION = YES_AGGRESSIVE;
				CLANG_CXX_LANGUAGE_STANDARD = "gnu++14";
				CLANG_CXX_LIBRARY = "libc++";
				CLANG_ENABLE_MODULES = YES;
				CLANG_ENABLE_OBJC_ARC = YES;
				CLANG_WARN_BLOCK_CAPTURE_AUTORELEASING = YES;
				CLANG_WARN_BOOL_CONVERSION = YES;
				CLANG_WARN_COMMA = YES;
				CLANG_WARN_CONSTANT_CONVERSION = YES;
				CLANG_WARN_DIRECT_OBJC_ISA_USAGE = YES_ERROR;
				CLANG_WARN_DOCUMENTATION_COMMENTS = YES;
				CLANG_WARN_EMPTY_BODY = YES;
				CLANG_WARN_ENUM_CONVERSION = YES;
				CLANG_WARN_INFINITE_RECURSION = YES;
				CLANG_WARN_INT_CONVERSION = YES;
				CLANG_WARN_NON_LITERAL_NULL_CONVERSION = YES;
				CLANG_WARN_OBJC_LITERAL_CONVERSION = YES;
				CLANG_WARN_OBJC_ROOT_CLASS = YES_ERROR;
				CLANG_WARN_RANGE_LOOP_ANALYSIS = YES;
				CLANG_WARN_STRICT_PROTOTYPES = YES;
				CLANG_WARN_SUSPICIOUS_MOVE = YES;
				CLANG_WARN_UNGUARDED_AVAILABILITY = YES_AGGRESSIVE;
				CLANG_WARN_UNREACHABLE_CODE = YES;
				CLANG_WARN__DUPLICATE_METHOD_MATCH = YES;
				CODE_SIGN_IDENTITY = "iPhone Developer";
				COPY_PHASE_STRIP = NO;
				DEBUG_INFORMATION_FORMAT = "dwarf-with-dsym";
				ENABLE_NS_ASSERTIONS = NO;
				ENABLE_STRICT_OBJC_MSGSEND = YES;
				GCC_C_LANGUAGE_STANDARD = gnu11;
				GCC_NO_COMMON_BLOCKS = YES;
				GCC_WARN_64_TO_32_BIT_CONVERSION = YES;
				GCC_WARN_ABOUT_RETURN_TYPE = YES_ERROR;
				GCC_WARN_UNDECLARED_SELECTOR = YES;
				GCC_WARN_UNINITIALIZED_AUTOS = YES_AGGRESSIVE;
				GCC_WARN_UNUSED_FUNCTION = YES;
				GCC_WARN_UNUSED_VARIABLE = YES;
				IPHONEOS_DEPLOYMENT_TARGET = 11.2;
				MTL_ENABLE_DEBUG_INFO = NO;
				SDKROOT = iphoneos;
				SWIFT_OPTIMIZATION_LEVEL = "-Owholemodule";
				VALIDATE_PRODUCT = YES;
			};
			name = Release;
		};
		2D5A7B18201B5C410089EFC3 /* Debug */ = {
			isa = XCBuildConfiguration;
			buildSettings = {
				ASSETCATALOG_COMPILER_APPICON_NAME = AppIcon;
				CODE_SIGN_STYLE = Automatic;
				INFOPLIST_FILE = "Date Counter/Info.plist";
				LD_RUNPATH_SEARCH_PATHS = "$(inherited) @executable_path/Frameworks";
				PRODUCT_BUNDLE_IDENTIFIER = "com.oz.Date-Counter";
				PRODUCT_NAME = "$(TARGET_NAME)";
				SWIFT_VERSION = 4.0;
				TARGETED_DEVICE_FAMILY = 1;
			};
			name = Debug;
		};
		2D5A7B19201B5C410089EFC3 /* Release */ = {
			isa = XCBuildConfiguration;
			buildSettings = {
				ASSETCATALOG_COMPILER_APPICON_NAME = AppIcon;
				CODE_SIGN_STYLE = Automatic;
				INFOPLIST_FILE = "Date Counter/Info.plist";
				LD_RUNPATH_SEARCH_PATHS = "$(inherited) @executable_path/Frameworks";
				PRODUCT_BUNDLE_IDENTIFIER = "com.oz.Date-Counter";
				PRODUCT_NAME = "$(TARGET_NAME)";
				SWIFT_VERSION = 4.0;
				TARGETED_DEVICE_FAMILY = 1;
			};
			name = Release;
		};
/* End XCBuildConfiguration section */

/* Begin XCConfigurationList section */
		2D5A7B00201B5C410089EFC3 /* Build configuration list for PBXProject "Date Counter" */ = {
			isa = XCConfigurationList;
			buildConfigurations = (
				2D5A7B15201B5C410089EFC3 /* Debug */,
				2D5A7B16201B5C410089EFC3 /* Release */,
			);
			defaultConfigurationIsVisible = 0;
			defaultConfigurationName = Release;
		};
		2D5A7B17201B5C410089EFC3 /* Build configuration list for PBXNativeTarget "Date Counter" */ = {
			isa = XCConfigurationList;
			buildConfigurations = (
				2D5A7B18201B5C410089EFC3 /* Debug */,
				2D5A7B19201B5C410089EFC3 /* Release */,
			);
			defaultConfigurationIsVisible = 0;
			defaultConfigurationName = Release;
		};
/* End XCConfigurationList section */
	};
	rootObject = 2D5A7AFD201B5C410089EFC3 /* Project object */;
}
